{
  "name": "@anyblades/float-label-css",
  "version": "2.3.1",
  "lockfileVersion": 3,
  "requires": true,
  "packages": {
    "": {
      "name": "@anyblades/float-label-css",
      "version": "2.3.1",
      "license": "MIT",
      "devDependencies": {
        "@anyblades/blades": "^2.3.1"
      }
    },
    "node_modules/@anyblades/blades": {
      "version": "2.3.1",
      "resolved": "https://registry.npmjs.org/@anyblades/blades/-/blades-2.3.1.tgz",
      "integrity": "sha512-eUCWRZh+NQ9iOpRvjxhomTxGjeqx29zpL8UfY7RKR4dssLWJZaZJgAzjoBBORrIMBjYOPGOuTvCrTk538OGU1A==",
      "dev": true,
      "license": "MIT"
    }
  }
}
